
Microsoft Visual Studio Solution File, Format Version 12.00
# Visual Studio Version 17
VisualStudioVersion = 17.2.32519.379
MinimumVisualStudioVersion = 10.0.40219.1
Project("{9A19103F-16F7-4668-BE54-9A1E7A4F7556}") = "Semaphore", "Semaphore\Semaphore.csproj", "{DC137AD8-8BA0-4EDD-98C0-7ED49E1C0259}"
EndProject
Project("{FAE04EC0-301F-11D3-BF4B-00C04F79EFBC}") = "SemaphoreTest", "SemaphoreTest\SemaphoreTest.csproj", "{13C117A3-DD6B-476D-84C7-5E181A098593}"
EndProject
Global
	GlobalSection(SolutionConfigurationPlatforms) = preSolution
		Debug|Any CPU = Debug|Any CPU
		Release|Any CPU = Release|Any CPU
	EndGlobalSection
	GlobalSection(ProjectConfigurationPlatforms) = postSolution
		{DC137AD8-8BA0-4EDD-98C0-7ED49E1C0259}.Debug|Any CPU.ActiveCfg = Debug|Any CPU
		{DC137AD8-8BA0-4EDD-98C0-7ED49E1C0259}.Debug|Any CPU.Build.0 = Debug|Any CPU
		{DC137AD8-8BA0-4EDD-98C0-7ED49E1C0259}.Release|Any CPU.ActiveCfg = Release|Any CPU
		{DC137AD8-8BA0-4EDD-98C0-7ED49E1C0259}.Release|Any CPU.Build.0 = Release|Any CPU
		{13C117A3-DD6B-476D-84C7-5E181A098593}.Debug|Any CPU.ActiveCfg = Debug|Any CPU
		{13C117A3-DD6B-476D-84C7-5E181A098593}.Debug|Any CPU.Build.0 = Debug|Any CPU
		{13C117A3-DD6B-476D-84C7-5E181A098593}.Release|Any CPU.ActiveCfg = Release|Any CPU
		{13C117A3-DD6B-476D-84C7-5E181A098593}.Release|Any CPU.Build.0 = Release|Any CPU
	EndGlobalSection
	GlobalSection(SolutionProperties) = preSolution
		HideSolutionNode = FALSE
	EndGlobalSection
	GlobalSection(ExtensibilityGlobals) = postSolution
		SolutionGuid = {DF42F4AD-3628-48D8-BBB3-C576021A26AA}
	EndGlobalSection
EndGlobal
